
Microsoft Visual Studio Solution File, Format Version 12.00
# Visual Studio Version 16
VisualStudioVersion = 16.0.29911.84
MinimumVisualStudioVersion = 10.0.40219.1
Project("{F184B08F-C81C-45F6-A57F-5ABD9991F28F}") = "TimerProductive", "TimerProductive\TimerProductive.vbproj", "{9CE7B1AC-9E0F-45C9-9CC4-008ED3F2B0B0}"
EndProject
Global
	GlobalSection(SolutionConfigurationPlatforms) = preSolution
		Debug|Any CPU = Debug|Any CPU
		Release|Any CPU = Release|Any CPU
	EndGlobalSection
	GlobalSection(ProjectConfigurationPlatforms) = postSolution
		{9CE7B1AC-9E0F-45C9-9CC4-008ED3F2B0B0}.Debug|Any CPU.ActiveCfg = Debug|Any CPU
		{9CE7B1AC-9E0F-45C9-9CC4-008ED3F2B0B0}.Debug|Any CPU.Build.0 = Debug|Any CPU
		{9CE7B1AC-9E0F-45C9-9CC4-008ED3F2B0B0}.Release|Any CPU.ActiveCfg = Release|Any CPU
		{9CE7B1AC-9E0F-45C9-9CC4-008ED3F2B0B0}.Release|Any CPU.Build.0 = Release|Any CPU
	EndGlobalSection
	GlobalSection(SolutionProperties) = preSolution
		HideSolutionNode = FALSE
	EndGlobalSection
	GlobalSection(ExtensibilityGlobals) = postSolution
		SolutionGuid = {3F49432E-D63B-41E9-B3EA-3855304A0071}
	EndGlobalSection
EndGlobal
